
Microsoft Visual Studio Solution File, Format Version 12.00
# Visual Studio 15
VisualStudioVersion = 15.0.27130.2036
MinimumVisualStudioVersion = 10.0.40219.1
Project("{FAE04EC0-301F-11D3-BF4B-00C04F79EFBC}") = "exercisesum", "exercisesum\exercisesum.csproj", "{86F6370D-225C-40A5-ABB0-6AAA8AC6BF85}"
EndProject
Global
	GlobalSection(SolutionConfigurationPlatforms) = preSolution
		Debug|Any CPU = Debug|Any CPU
		Release|Any CPU = Release|Any CPU
	EndGlobalSection
	GlobalSection(ProjectConfigurationPlatforms) = postSolution
		{86F6370D-225C-40A5-ABB0-6AAA8AC6BF85}.Debug|Any CPU.ActiveCfg = Debug|Any CPU
		{86F6370D-225C-40A5-ABB0-6AAA8AC6BF85}.Debug|Any CPU.Build.0 = Debug|Any CPU
		{86F6370D-225C-40A5-ABB0-6AAA8AC6BF85}.Release|Any CPU.ActiveCfg = Release|Any CPU
		{86F6370D-225C-40A5-ABB0-6AAA8AC6BF85}.Release|Any CPU.Build.0 = Release|Any CPU
	EndGlobalSection
	GlobalSection(SolutionProperties) = preSolution
		HideSolutionNode = FALSE
	EndGlobalSection
	GlobalSection(ExtensibilityGlobals) = postSolution
		SolutionGuid = {8A75B0E4-59A4-4FCA-A0B9-09908A26C7EF}
	EndGlobalSection
EndGlobal
