
Microsoft Visual Studio Solution File, Format Version 12.00
# Visual Studio 15
VisualStudioVersion = 15.0.27428.2015
MinimumVisualStudioVersion = 10.0.40219.1
Project("{FAE04EC0-301F-11D3-BF4B-00C04F79EFBC}") = "exercise4c", "exercise4c\exercise4c.csproj", "{F68E8F7B-FECF-406B-9D6D-FFED05C9CE26}"
EndProject
Global
	GlobalSection(SolutionConfigurationPlatforms) = preSolution
		Debug|Any CPU = Debug|Any CPU
		Release|Any CPU = Release|Any CPU
	EndGlobalSection
	GlobalSection(ProjectConfigurationPlatforms) = postSolution
		{F68E8F7B-FECF-406B-9D6D-FFED05C9CE26}.Debug|Any CPU.ActiveCfg = Debug|Any CPU
		{F68E8F7B-FECF-406B-9D6D-FFED05C9CE26}.Debug|Any CPU.Build.0 = Debug|Any CPU
		{F68E8F7B-FECF-406B-9D6D-FFED05C9CE26}.Release|Any CPU.ActiveCfg = Release|Any CPU
		{F68E8F7B-FECF-406B-9D6D-FFED05C9CE26}.Release|Any CPU.Build.0 = Release|Any CPU
	EndGlobalSection
	GlobalSection(SolutionProperties) = preSolution
		HideSolutionNode = FALSE
	EndGlobalSection
	GlobalSection(ExtensibilityGlobals) = postSolution
		SolutionGuid = {8C4AD120-CC04-4D88-A631-CB7FE7010C77}
	EndGlobalSection
EndGlobal
